{
  "name": "nodetest",
  "version": "1.0.0",
  "lockfileVersion": 3,
  "requires": true,
  "packages": {
    "": {
      "name": "nodetest",
      "version": "1.0.0",
      "license": "ISC",
      "devDependencies": {
        "@vyacheslavmiroshnik/ahjs-3-1": "^1.0.0"
      }
    },
    "node_modules/@vyacheslavmiroshnik/ahjs-3-1": {
      "version": "1.0.0",
      "resolved": "https://npm.pkg.github.com/download/@vyacheslavmiroshnik/ahjs-3-1/1.0.0/fd6bce4a3fd8e444d77c2fa2cbc8446c9567e090",
      "integrity": "sha512-RSX09euFyLwDKURohDcyZklqpKstycdGKiJ8KjwKZP4Lohy22/OdAHJ2pdcvl/jbeNFieMdohXv1+9JXGYbUGQ==",
      "dev": true,
      "license": "ISC"
    }
  }
}
